{
  "name": "@alumis/icons",
  "version": "1.0.0",
  "lockfileVersion": 1,
  "requires": true,
  "dependencies": {
    "@alumis/observables-dom": {
      "version": "1.0.65",
      "resolved": "https://registry.npmjs.org/@alumis/observables-dom/-/observables-dom-1.0.65.tgz",
      "integrity": "sha512-fn/kTulcXD7hl2pkiHGYdXPXpTS7uTGi9o/WFo90BW557kLWHNRZPgpFSNF52cz1dLmKVwSAMF1o5o5lVwiiLQ==",
      "dev": true
    },
    "object-assign": {
      "version": "4.1.1",
      "resolved": "https://registry.npmjs.org/object-assign/-/object-assign-4.1.1.tgz",
      "integrity": "sha1-IQmtx5ZYh8/AXLvUQsrIv7s2CGM=",
      "dev": true
    },
    "octicons": {
      "version": "8.5.0",
      "resolved": "https://registry.npmjs.org/octicons/-/octicons-8.5.0.tgz",
      "integrity": "sha512-l4GCHwBvStuwVfIuqUx/ktFJQJdCqLnd0bi2dvYZzkza6wj9EUksfMUlTqyVMULbPIvRTXxOqn/W07fsMu1bXA==",
      "dev": true,
      "requires": {
        "object-assign": "^4.1.1"
      }
    }
  }
}
